
Microsoft Visual Studio Solution File, Format Version 12.00
# Visual Studio Version 17
VisualStudioVersion = 17.5.33530.505
MinimumVisualStudioVersion = 10.0.40219.1
Project("{FAE04EC0-301F-11D3-BF4B-00C04F79EFBC}") = "RSATool", "RSATool\RSATool.csproj", "{2CFAAC9E-422A-45A1-87A3-97A8779F1F64}"
EndProject
Global
	GlobalSection(SolutionConfigurationPlatforms) = preSolution
		Debug|Any CPU = Debug|Any CPU
		Release|Any CPU = Release|Any CPU
	EndGlobalSection
	GlobalSection(ProjectConfigurationPlatforms) = postSolution
		{2CFAAC9E-422A-45A1-87A3-97A8779F1F64}.Debug|Any CPU.ActiveCfg = Debug|Any CPU
		{2CFAAC9E-422A-45A1-87A3-97A8779F1F64}.Debug|Any CPU.Build.0 = Debug|Any CPU
		{2CFAAC9E-422A-45A1-87A3-97A8779F1F64}.Release|Any CPU.ActiveCfg = Release|Any CPU
		{2CFAAC9E-422A-45A1-87A3-97A8779F1F64}.Release|Any CPU.Build.0 = Release|Any CPU
	EndGlobalSection
	GlobalSection(SolutionProperties) = preSolution
		HideSolutionNode = FALSE
	EndGlobalSection
	GlobalSection(ExtensibilityGlobals) = postSolution
		SolutionGuid = {FE99879A-5A82-414E-BD13-84DA57FE5856}
	EndGlobalSection
EndGlobal
